
Microsoft Visual Studio Solution File, Format Version 12.00
# Visual Studio Version 17
VisualStudioVersion = 17.0.31903.59
MinimumVisualStudioVersion = 10.0.40219.1
Project("{2150E333-8FDC-42A3-9474-1A3956D46DE8}") = "src", "src", "{C1467C73-3448-472A-8A55-FB0C04841BF3}"
EndProject
Project("{FAE04EC0-301F-11D3-BF4B-00C04F79EFBC}") = "ClosedXMLReportDemo.Api", "src\ClosedXMLReportDemo.Api\ClosedXMLReportDemo.Api.csproj", "{6AD7851B-5E3B-4879-B844-E37BBB19E1EE}"
EndProject
Project("{2150E333-8FDC-42A3-9474-1A3956D46DE8}") = "Solution Items", "Solution Items", "{34226977-F15B-4F16-91A5-77EAE621FEB2}"
	ProjectSection(SolutionItems) = preProject
		Directory.Build.props = Directory.Build.props
		Directory.Packages.props = Directory.Packages.props
		nuget.config = nuget.config
		README.md = README.md
		.gitignore = .gitignore
		.editorconfig = .editorconfig
	EndProjectSection
EndProject
Project("{FAE04EC0-301F-11D3-BF4B-00C04F79EFBC}") = "ExcelFormulaSamples", "src\ExcelFormulaSamples\ExcelFormulaSamples.csproj", "{4C867D7F-51F2-4057-9833-97835BF81FD8}"
EndProject
Global
	GlobalSection(SolutionConfigurationPlatforms) = preSolution
		Debug|Any CPU = Debug|Any CPU
		Release|Any CPU = Release|Any CPU
	EndGlobalSection
	GlobalSection(ProjectConfigurationPlatforms) = postSolution
		{6AD7851B-5E3B-4879-B844-E37BBB19E1EE}.Debug|Any CPU.ActiveCfg = Debug|Any CPU
		{6AD7851B-5E3B-4879-B844-E37BBB19E1EE}.Debug|Any CPU.Build.0 = Debug|Any CPU
		{6AD7851B-5E3B-4879-B844-E37BBB19E1EE}.Release|Any CPU.ActiveCfg = Release|Any CPU
		{6AD7851B-5E3B-4879-B844-E37BBB19E1EE}.Release|Any CPU.Build.0 = Release|Any CPU
		{4C867D7F-51F2-4057-9833-97835BF81FD8}.Debug|Any CPU.ActiveCfg = Debug|Any CPU
		{4C867D7F-51F2-4057-9833-97835BF81FD8}.Debug|Any CPU.Build.0 = Debug|Any CPU
		{4C867D7F-51F2-4057-9833-97835BF81FD8}.Release|Any CPU.ActiveCfg = Release|Any CPU
		{4C867D7F-51F2-4057-9833-97835BF81FD8}.Release|Any CPU.Build.0 = Release|Any CPU
	EndGlobalSection
	GlobalSection(SolutionProperties) = preSolution
		HideSolutionNode = FALSE
	EndGlobalSection
	GlobalSection(NestedProjects) = preSolution
		{6AD7851B-5E3B-4879-B844-E37BBB19E1EE} = {C1467C73-3448-472A-8A55-FB0C04841BF3}
		{4C867D7F-51F2-4057-9833-97835BF81FD8} = {C1467C73-3448-472A-8A55-FB0C04841BF3}
	EndGlobalSection
EndGlobal
